
Microsoft Visual Studio Solution File, Format Version 12.00
# Visual Studio Version 17
VisualStudioVersion = 17.14.35906.104 d17.14
MinimumVisualStudioVersion = 10.0.40219.1
Project("{FAE04EC0-301F-11D3-BF4B-00C04F79EFBC}") = "csharp_webhook_based_jobscheduler.API", "csharp_webhook_based_jobscheduler.API\csharp_webhook_based_jobscheduler.API.csproj", "{B386F11B-2A84-44B8-B8CC-90CE738FF3DE}"
EndProject
Global
	GlobalSection(SolutionConfigurationPlatforms) = preSolution
		Debug|Any CPU = Debug|Any CPU
		Release|Any CPU = Release|Any CPU
	EndGlobalSection
	GlobalSection(ProjectConfigurationPlatforms) = postSolution
		{B386F11B-2A84-44B8-B8CC-90CE738FF3DE}.Debug|Any CPU.ActiveCfg = Debug|Any CPU
		{B386F11B-2A84-44B8-B8CC-90CE738FF3DE}.Debug|Any CPU.Build.0 = Debug|Any CPU
		{B386F11B-2A84-44B8-B8CC-90CE738FF3DE}.Release|Any CPU.ActiveCfg = Release|Any CPU
		{B386F11B-2A84-44B8-B8CC-90CE738FF3DE}.Release|Any CPU.Build.0 = Release|Any CPU
	EndGlobalSection
	GlobalSection(SolutionProperties) = preSolution
		HideSolutionNode = FALSE
	EndGlobalSection
	GlobalSection(ExtensibilityGlobals) = postSolution
		SolutionGuid = {61A8CB16-90D1-4F55-8A33-F57BE49E9992}
	EndGlobalSection
EndGlobal
